// !$*UTF8*$!
{
	archiveVersion = 1;
	classes = {
	};
	objectVersion = 46;
	objects = {

/* Begin PBXBuildFile section */
		C55D1E0D1DC9379300DAF18C /* PokeCell.swift in Sources */ = {isa = PBXBuildFile; fileRef = C55D1E0C1DC9379300DAF18C /* PokeCell.swift */; };
		C57E642B1DC93FEB000C01E9 /* csv.swift in Sources */ = {isa = PBXBuildFile; fileRef = C57E642A1DC93FEB000C01E9 /* csv.swift */; };
		C5847EF21DC922BE00614F2A /* AppDelegate.swift in Sources */ = {isa = PBXBuildFile; fileRef = C5847EF11DC922BE00614F2A /* AppDelegate.swift */; };
		C5847EF41DC922BE00614F2A /* ViewController.swift in Sources */ = {isa = PBXBuildFile; fileRef = C5847EF31DC922BE00614F2A /* ViewController.swift */; };
		C5847EF71DC922BE00614F2A /* Main.storyboard in Resources */ = {isa = PBXBuildFile; fileRef = C5847EF51DC922BE00614F2A /* Main.storyboard */; };
		C5847EF91DC922BE00614F2A /* Assets.xcassets in Resources */ = {isa = PBXBuildFile; fileRef = C5847EF81DC922BE00614F2A /* Assets.xcassets */; };
		C5847EFC1DC922BE00614F2A /* LaunchScreen.storyboard in Resources */ = {isa = PBXBuildFile; fileRef = C5847EFA1DC922BE00614F2A /* LaunchScreen.storyboard */; };
		C5847F051DC9242C00614F2A /* Alamofire.framework in Frameworks */ = {isa = PBXBuildFile; fileRef = C5847F041DC9242C00614F2A /* Alamofire.framework */; };
		C5847F081DC9264900614F2A /* Alamofire.framework in CopyFiles */ = {isa = PBXBuildFile; fileRef = C5847F041DC9242C00614F2A /* Alamofire.framework */; settings = {ATTRIBUTES = (CodeSignOnCopy, RemoveHeadersOnCopy, ); }; };
		C5847F0A1DC92F4100614F2A /* pokemon.csv in Resources */ = {isa = PBXBuildFile; fileRef = C5847F091DC92F4100614F2A /* pokemon.csv */; };
		C5847F0D1DC9303D00614F2A /* Pokemon.swift in Sources */ = {isa = PBXBuildFile; fileRef = C5847F0C1DC9303D00614F2A /* Pokemon.swift */; };
/* End PBXBuildFile section */

/* Begin PBXCopyFilesBuildPhase section */
		C5847F071DC9261D00614F2A /* CopyFiles */ = {
			isa = PBXCopyFilesBuildPhase;
			buildActionMask = 2147483647;
			dstPath = "";
			dstSubfolderSpec = 10;
			files = (
				C5847F081DC9264900614F2A /* Alamofire.framework in CopyFiles */,
			);
			runOnlyForDeploymentPostprocessing = 0;
		};
/* End PBXCopyFilesBuildPhase section */

/* Begin PBXFileReference section */
		C55D1E0C1DC9379300DAF18C /* PokeCell.swift */ = {isa = PBXFileReference; fileEncoding = 4; lastKnownFileType = sourcecode.swift; path = PokeCell.swift; sourceTree = "<group>"; };
		C57E642A1DC93FEB000C01E9 /* csv.swift */ = {isa = PBXFileReference; fileEncoding = 4; lastKnownFileType = sourcecode.swift; path = csv.swift; sourceTree = "<group>"; };
		C5847EEE1DC922BE00614F2A /* Pokedex.app */ = {isa = PBXFileReference; explicitFileType = wrapper.application; includeInIndex = 0; path = Pokedex.app; sourceTree = BUILT_PRODUCTS_DIR; };
		C5847EF11DC922BE00614F2A /* AppDelegate.swift */ = {isa = PBXFileReference; lastKnownFileType = sourcecode.swift; path = AppDelegate.swift; sourceTree = "<group>"; };
		C5847EF31DC922BE00614F2A /* ViewController.swift */ = {isa = PBXFileReference; lastKnownFileType = sourcecode.swift; path = ViewController.swift; sourceTree = "<group>"; };
		C5847EF61DC922BE00614F2A /* Base */ = {isa = PBXFileReference; lastKnownFileType = file.storyboard; name = Base; path = Base.lproj/Main.storyboard; sourceTree = "<group>"; };
		C5847EF81DC922BE00614F2A /* Assets.xcassets */ = {isa = PBXFileReference; lastKnownFileType = folder.assetcatalog; path = Assets.xcassets; sourceTree = "<group>"; };
		C5847EFB1DC922BE00614F2A /* Base */ = {isa = PBXFileReference; lastKnownFileType = file.storyboard; name = Base; path = Base.lproj/LaunchScreen.storyboard; sourceTree = "<group>"; };
		C5847EFD1DC922BE00614F2A /* Info.plist */ = {isa = PBXFileReference; lastKnownFileType = text.plist.xml; path = Info.plist; sourceTree = "<group>"; };
		C5847F041DC9242C00614F2A /* Alamofire.framework */ = {isa = PBXFileReference; lastKnownFileType = wrapper.framework; name = Alamofire.framework; path = Carthage/Build/iOS/Alamofire.framework; sourceTree = "<group>"; };
		C5847F091DC92F4100614F2A /* pokemon.csv */ = {isa = PBXFileReference; fileEncoding = 4; lastKnownFileType = text; path = pokemon.csv; sourceTree = "<group>"; };
		C5847F0C1DC9303D00614F2A /* Pokemon.swift */ = {isa = PBXFileReference; fileEncoding = 4; lastKnownFileType = sourcecode.swift; path = Pokemon.swift; sourceTree = "<group>"; };
/* End PBXFileReference section */

/* Begin PBXFrameworksBuildPhase section */
		C5847EEB1DC922BE00614F2A /* Frameworks */ = {
			isa = PBXFrameworksBuildPhase;
			buildActionMask = 2147483647;
			files = (
				C5847F051DC9242C00614F2A /* Alamofire.framework in Frameworks */,
			);
			runOnlyForDeploymentPostprocessing = 0;
		};
/* End PBXFrameworksBuildPhase section */

/* Begin PBXGroup section */
		C55D1E0B1DC9375B00DAF18C /* View */ = {
			isa = PBXGroup;
			children = (
				C55D1E0C1DC9379300DAF18C /* PokeCell.swift */,
			);
			name = View;
			sourceTree = "<group>";
		};
		C5847EE51DC922BE00614F2A = {
			isa = PBXGroup;
			children = (
				C5847EF01DC922BE00614F2A /* Pokedex */,
				C5847EEF1DC922BE00614F2A /* Products */,
				C5847F031DC9242B00614F2A /* Frameworks */,
			);
			sourceTree = "<group>";
		};
		C5847EEF1DC922BE00614F2A /* Products */ = {
			isa = PBXGroup;
			children = (
				C5847EEE1DC922BE00614F2A /* Pokedex.app */,
			);
			name = Products;
			sourceTree = "<group>";
		};
		C5847EF01DC922BE00614F2A /* Pokedex */ = {
			isa = PBXGroup;
			children = (
				C55D1E0B1DC9375B00DAF18C /* View */,
				C5847F0B1DC9302B00614F2A /* Model */,
				C5847EF11DC922BE00614F2A /* AppDelegate.swift */,
				C5847EF31DC922BE00614F2A /* ViewController.swift */,
				C5847EF51DC922BE00614F2A /* Main.storyboard */,
				C5847EF81DC922BE00614F2A /* Assets.xcassets */,
				C57E642A1DC93FEB000C01E9 /* csv.swift */,
				C5847F091DC92F4100614F2A /* pokemon.csv */,
				C5847EFA1DC922BE00614F2A /* LaunchScreen.storyboard */,
				C5847EFD1DC922BE00614F2A /* Info.plist */,
			);
			path = Pokedex;
			sourceTree = "<group>";
		};
		C5847F031DC9242B00614F2A /* Frameworks */ = {
			isa = PBXGroup;
			children = (
				C5847F041DC9242C00614F2A /* Alamofire.framework */,
			);
			name = Frameworks;
			sourceTree = "<group>";
		};
		C5847F0B1DC9302B00614F2A /* Model */ = {
			isa = PBXGroup;
			children = (
				C5847F0C1DC9303D00614F2A /* Pokemon.swift */,
			);
			name = Model;
			sourceTree = "<group>";
		};
/* End PBXGroup section */

/* Begin PBXNativeTarget section */
		C5847EED1DC922BE00614F2A /* Pokedex */ = {
			isa = PBXNativeTarget;
			buildConfigurationList = C5847F001DC922BE00614F2A /* Build configuration list for PBXNativeTarget "Pokedex" */;
			buildPhases = (
				C5847EEA1DC922BE00614F2A /* Sources */,
				C5847EEB1DC922BE00614F2A /* Frameworks */,
				C5847EEC1DC922BE00614F2A /* Resources */,
				C5847F071DC9261D00614F2A /* CopyFiles */,
			);
			buildRules = (
			);
			dependencies = (
			);
			name = Pokedex;
			productName = Pokedex;
			productReference = C5847EEE1DC922BE00614F2A /* Pokedex.app */;
			productType = "com.apple.product-type.application";
		};
/* End PBXNativeTarget section */

/* Begin PBXProject section */
		C5847EE61DC922BE00614F2A /* Project object */ = {
			isa = PBXProject;
			attributes = {
				LastSwiftUpdateCheck = 0810;
				LastUpgradeCheck = 0810;
				ORGANIZATIONNAME = Pourpre;
				TargetAttributes = {
					C5847EED1DC922BE00614F2A = {
						CreatedOnToolsVersion = 8.1;
						DevelopmentTeam = WBEHWU37QN;
						ProvisioningStyle = Automatic;
					};
				};
			};
			buildConfigurationList = C5847EE91DC922BE00614F2A /* Build configuration list for PBXProject "Pokedex" */;
			compatibilityVersion = "Xcode 3.2";
			developmentRegion = English;
			hasScannedForEncodings = 0;
			knownRegions = (
				en,
				Base,
			);
			mainGroup = C5847EE51DC922BE00614F2A;
			productRefGroup = C5847EEF1DC922BE00614F2A /* Products */;
			projectDirPath = "";
			projectRoot = "";
			targets = (
				C5847EED1DC922BE00614F2A /* Pokedex */,
			);
		};
/* End PBXProject section */

/* Begin PBXResourcesBuildPhase section */
		C5847EEC1DC922BE00614F2A /* Resources */ = {
			isa = PBXResourcesBuildPhase;
			buildActionMask = 2147483647;
			files = (
				C5847EFC1DC922BE00614F2A /* LaunchScreen.storyboard in Resources */,
				C5847EF91DC922BE00614F2A /* Assets.xcassets in Resources */,
				C5847F0A1DC92F4100614F2A /* pokemon.csv in Resources */,
				C5847EF71DC922BE00614F2A /* Main.storyboard in Resources */,
			);
			runOnlyForDeploymentPostprocessing = 0;
		};
/* End PBXResourcesBuildPhase section */

/* Begin PBXSourcesBuildPhase section */
		C5847EEA1DC922BE00614F2A /* Sources */ = {
			isa = PBXSourcesBuildPhase;
			buildActionMask = 2147483647;
			files = (
				C55D1E0D1DC9379300DAF18C /* PokeCell.swift in Sources */,
				C5847EF41DC922BE00614F2A /* ViewController.swift in Sources */,
				C5847EF21DC922BE00614F2A /* AppDelegate.swift in Sources */,
				C5847F0D1DC9303D00614F2A /* Pokemon.swift in Sources */,
				C57E642B1DC93FEB000C01E9 /* csv.swift in Sources */,
			);
			runOnlyForDeploymentPostprocessing = 0;
		};
/* End PBXSourcesBuildPhase section */

/* Begin PBXVariantGroup section */
		C5847EF51DC922BE00614F2A /* Main.storyboard */ = {
			isa = PBXVariantGroup;
			children = (
				C5847EF61DC922BE00614F2A /* Base */,
			);
			name = Main.storyboard;
			sourceTree = "<group>";
		};
		C5847EFA1DC922BE00614F2A /* LaunchScreen.storyboard */ = {
			isa = PBXVariantGroup;
			children = (
				C5847EFB1DC922BE00614F2A /* Base */,
			);
			name = LaunchScreen.storyboard;
			sourceTree = "<group>";
		};
/* End PBXVariantGroup section */

/* Begin XCBuildConfiguration section */
		C5847EFE1DC922BE00614F2A /* Debug */ = {
			isa = XCBuildConfiguration;
			buildSettings = {
				ALWAYS_SEARCH_USER_PATHS = NO;
				CLANG_ANALYZER_NONNULL = YES;
				CLANG_CXX_LANGUAGE_STANDARD = "gnu++0x";
				CLANG_CXX_LIBRARY = "libc++";
				CLANG_ENABLE_MODULES = YES;
				CLANG_ENABLE_OBJC_ARC = YES;
				CLANG_WARN_BOOL_CONVERSION = YES;
				CLANG_WARN_CONSTANT_CONVERSION = YES;
				CLANG_WARN_DIRECT_OBJC_ISA_USAGE = YES_ERROR;
				CLANG_WARN_DOCUMENTATION_COMMENTS = YES;
				CLANG_WARN_EMPTY_BODY = YES;
				CLANG_WARN_ENUM_CONVERSION = YES;
				CLANG_WARN_INFINITE_RECURSION = YES;
				CLANG_WARN_INT_CONVERSION = YES;
				CLANG_WARN_OBJC_ROOT_CLASS = YES_ERROR;
				CLANG_WARN_SUSPICIOUS_MOVES = YES;
				CLANG_WARN_UNREACHABLE_CODE = YES;
				CLANG_WARN__DUPLICATE_METHOD_MATCH = YES;
				"CODE_SIGN_IDENTITY[sdk=iphoneos*]" = "iPhone Developer";
				COPY_PHASE_STRIP = NO;
				DEBUG_INFORMATION_FORMAT = dwarf;
				ENABLE_STRICT_OBJC_MSGSEND = YES;
				ENABLE_TESTABILITY = YES;
				GCC_C_LANGUAGE_STANDARD = gnu99;
				GCC_DYNAMIC_NO_PIC = NO;
				GCC_NO_COMMON_BLOCKS = YES;
				GCC_OPTIMIZATION_LEVEL = 0;
				GCC_PREPROCESSOR_DEFINITIONS = (
					"DEBUG=1",
					"$(inherited)",
				);
				GCC_WARN_64_TO_32_BIT_CONVERSION = YES;
				GCC_WARN_ABOUT_RETURN_TYPE = YES_ERROR;
				GCC_WARN_UNDECLARED_SELECTOR = YES;
				GCC_WARN_UNINITIALIZED_AUTOS = YES_AGGRESSIVE;
				GCC_WARN_UNUSED_FUNCTION = YES;
				GCC_WARN_UNUSED_VARIABLE = YES;
				IPHONEOS_DEPLOYMENT_TARGET = 10.1;
				MTL_ENABLE_DEBUG_INFO = YES;
				ONLY_ACTIVE_ARCH = YES;
				SDKROOT = iphoneos;
				SWIFT_ACTIVE_COMPILATION_CONDITIONS = DEBUG;
				SWIFT_OPTIMIZATION_LEVEL = "-Onone";
			};
			name = Debug;
		};
		C5847EFF1DC922BE00614F2A /* Release */ = {
			isa = XCBuildConfiguration;
			buildSettings = {
				ALWAYS_SEARCH_USER_PATHS = NO;
				CLANG_ANALYZER_NONNULL = YES;
				CLANG_CXX_LANGUAGE_STANDARD = "gnu++0x";
				CLANG_CXX_LIBRARY = "libc++";
				CLANG_ENABLE_MODULES = YES;
				CLANG_ENABLE_OBJC_ARC = YES;
				CLANG_WARN_BOOL_CONVERSION = YES;
				CLANG_WARN_CONSTANT_CONVERSION = YES;
				CLANG_WARN_DIRECT_OBJC_ISA_USAGE = YES_ERROR;
				CLANG_WARN_DOCUMENTATION_COMMENTS = YES;
				CLANG_WARN_EMPTY_BODY = YES;
				CLANG_WARN_ENUM_CONVERSION = YES;
				CLANG_WARN_INFINITE_RECURSION = YES;
				CLANG_WARN_INT_CONVERSION = YES;
				CLANG_WARN_OBJC_ROOT_CLASS = YES_ERROR;
				CLANG_WARN_SUSPICIOUS_MOVES = YES;
				CLANG_WARN_UNREACHABLE_CODE = YES;
				CLANG_WARN__DUPLICATE_METHOD_MATCH = YES;
				"CODE_SIGN_IDENTITY[sdk=iphoneos*]" = "iPhone Developer";
				COPY_PHASE_STRIP = NO;
				DEBUG_INFORMATION_FORMAT = "dwarf-with-dsym";
				ENABLE_NS_ASSERTIONS = NO;
				ENABLE_STRICT_OBJC_MSGSEND = YES;
				GCC_C_LANGUAGE_STANDARD = gnu99;
				GCC_NO_COMMON_BLOCKS = YES;
				GCC_WARN_64_TO_32_BIT_CONVERSION = YES;
				GCC_WARN_ABOUT_RETURN_TYPE = YES_ERROR;
				GCC_WARN_UNDECLARED_SELECTOR = YES;
				GCC_WARN_UNINITIALIZED_AUTOS = YES_AGGRESSIVE;
				GCC_WARN_UNUSED_FUNCTION = YES;
				GCC_WARN_UNUSED_VARIABLE = YES;
				IPHONEOS_DEPLOYMENT_TARGET = 10.1;
				MTL_ENABLE_DEBUG_INFO = NO;
				SDKROOT = iphoneos;
				SWIFT_OPTIMIZATION_LEVEL = "-Owholemodule";
				VALIDATE_PRODUCT = YES;
			};
			name = Release;
		};
		C5847F011DC922BE00614F2A /* Debug */ = {
			isa = XCBuildConfiguration;
			buildSettings = {
				ASSETCATALOG_COMPILER_APPICON_NAME = AppIcon;
				DEVELOPMENT_TEAM = WBEHWU37QN;
				FRAMEWORK_SEARCH_PATHS = (
					"$(inherited)",
					"$(PROJECT_DIR)/Carthage/Build/iOS",
				);
				INFOPLIST_FILE = Pokedex/Info.plist;
				LD_RUNPATH_SEARCH_PATHS = "$(inherited) @executable_path/Frameworks";
				PRODUCT_BUNDLE_IDENTIFIER = com.zonepourpre.Pokedex;
				PRODUCT_NAME = "$(TARGET_NAME)";
				SWIFT_VERSION = 3.0;
			};
			name = Debug;
		};
		C5847F021DC922BE00614F2A /* Release */ = {
			isa = XCBuildConfiguration;
			buildSettings = {
				ASSETCATALOG_COMPILER_APPICON_NAME = AppIcon;
				DEVELOPMENT_TEAM = WBEHWU37QN;
				FRAMEWORK_SEARCH_PATHS = (
					"$(inherited)",
					"$(PROJECT_DIR)/Carthage/Build/iOS",
				);
				INFOPLIST_FILE = Pokedex/Info.plist;
				LD_RUNPATH_SEARCH_PATHS = "$(inherited) @executable_path/Frameworks";
				PRODUCT_BUNDLE_IDENTIFIER = com.zonepourpre.Pokedex;
				PRODUCT_NAME = "$(TARGET_NAME)";
				SWIFT_VERSION = 3.0;
			};
			name = Release;
		};
/* End XCBuildConfiguration section */

/* Begin XCConfigurationList section */
		C5847EE91DC922BE00614F2A /* Build configuration list for PBXProject "Pokedex" */ = {
			isa = XCConfigurationList;
			buildConfigurations = (
				C5847EFE1DC922BE00614F2A /* Debug */,
				C5847EFF1DC922BE00614F2A /* Release */,
			);
			defaultConfigurationIsVisible = 0;
			defaultConfigurationName = Release;
		};
		C5847F001DC922BE00614F2A /* Build configuration list for PBXNativeTarget "Pokedex" */ = {
			isa = XCConfigurationList;
			buildConfigurations = (
				C5847F011DC922BE00614F2A /* Debug */,
				C5847F021DC922BE00614F2A /* Release */,
			);
			defaultConfigurationIsVisible = 0;
			defaultConfigurationName = Release;
		};
/* End XCConfigurationList section */
	};
	rootObject = C5847EE61DC922BE00614F2A /* Project object */;
}
